// !$*UTF8*$!
{
	archiveVersion = 1;
	classes = {
	};
	objectVersion = 47;
	objects = {

/* Begin PBXBuildFile section */
		402DDC571C07FA1200D852A1 /* seeds.cpp in Sources */ = {isa = PBXBuildFile; fileRef = 4040DE0F1BF8D69F00740B44 /* seeds.cpp */; };
		4040DE041BF08E0600740B44 /* donald-slic.cpp in Sources */ = {isa = PBXBuildFile; fileRef = 4040DDE81BEDAC9000740B44 /* donald-slic.cpp */; };
		4040DE101BF8D69F00740B44 /* seeds.cpp in Sources */ = {isa = PBXBuildFile; fileRef = 4040DE0F1BF8D69F00740B44 /* seeds.cpp */; };
		40AA6B241BE78DB30054EA50 /* segmentation.cpp in Sources */ = {isa = PBXBuildFile; fileRef = 40AA6B1F1BE78DB30054EA50 /* segmentation.cpp */; };
		40AA6B251BE78DB30054EA50 /* benchmark-superpixels.cpp in Sources */ = {isa = PBXBuildFile; fileRef = 40AA6B201BE78DB30054EA50 /* benchmark-superpixels.cpp */; };
		40C030941C0B96A700F79724 /* run-seeds.cpp in Sources */ = {isa = PBXBuildFile; fileRef = 40C030921C0B96A700F79724 /* run-seeds.cpp */; };
		40C030961C0B972E00F79724 /* run-donald-slic.cpp in Sources */ = {isa = PBXBuildFile; fileRef = 40C030951C0B972E00F79724 /* run-donald-slic.cpp */; };
		40E808291C01D80B008786F1 /* segmentation.cpp in Sources */ = {isa = PBXBuildFile; fileRef = 40AA6B1F1BE78DB30054EA50 /* segmentation.cpp */; };
		40E8082A1C045135008786F1 /* segmentation.cpp in Sources */ = {isa = PBXBuildFile; fileRef = 40AA6B1F1BE78DB30054EA50 /* segmentation.cpp */; };
		40E8082C1C047AD6008786F1 /* donald-slic.cpp in Sources */ = {isa = PBXBuildFile; fileRef = 4040DDE81BEDAC9000740B44 /* donald-slic.cpp */; };
/* End PBXBuildFile section */

/* Begin PBXCopyFilesBuildPhase section */
		4040DDFE1BEE713B00740B44 /* CopyFiles */ = {
			isa = PBXCopyFilesBuildPhase;
			buildActionMask = 2147483647;
			dstPath = /usr/share/man/man1/;
			dstSubfolderSpec = 0;
			files = (
			);
			runOnlyForDeploymentPostprocessing = 1;
		};
		4040DE0A1BF8D65F00740B44 /* CopyFiles */ = {
			isa = PBXCopyFilesBuildPhase;
			buildActionMask = 2147483647;
			dstPath = /usr/share/man/man1/;
			dstSubfolderSpec = 0;
			files = (
			);
			runOnlyForDeploymentPostprocessing = 1;
		};
		40AA6B111BE78D070054EA50 /* CopyFiles */ = {
			isa = PBXCopyFilesBuildPhase;
			buildActionMask = 2147483647;
			dstPath = /usr/share/man/man1/;
			dstSubfolderSpec = 0;
			files = (
			);
			runOnlyForDeploymentPostprocessing = 1;
		};
/* End PBXCopyFilesBuildPhase section */

/* Begin PBXFileReference section */
		402DDC561C07F56100D852A1 /* seeds.h */ = {isa = PBXFileReference; fileEncoding = 4; lastKnownFileType = sourcecode.c.h; path = seeds.h; sourceTree = "<group>"; };
		4040DDE81BEDAC9000740B44 /* donald-slic.cpp */ = {isa = PBXFileReference; fileEncoding = 4; lastKnownFileType = sourcecode.cpp.cpp; path = "donald-slic.cpp"; sourceTree = "<group>"; };
		4040DE021BEE713B00740B44 /* donald-slic */ = {isa = PBXFileReference; explicitFileType = "compiled.mach-o.executable"; includeInIndex = 0; name = "donald-slic"; path = "/me/w/proj/slic/SLIC-Superpixels/Superpixel-Benchmarking/build/Debug/donald-slic"; sourceTree = "<absolute>"; };
		4040DE0E1BF8D65F00740B44 /* run-seeds */ = {isa = PBXFileReference; explicitFileType = "compiled.mach-o.executable"; includeInIndex = 0; name = "run-seeds"; path = "/me/w/proj/slic/SLIC-Superpixels/Superpixel-Benchmarking/build/Debug/run-seeds"; sourceTree = "<absolute>"; };
		4040DE0F1BF8D69F00740B44 /* seeds.cpp */ = {isa = PBXFileReference; fileEncoding = 4; lastKnownFileType = sourcecode.cpp.cpp; path = seeds.cpp; sourceTree = "<group>"; };
		40AA6B1F1BE78DB30054EA50 /* segmentation.cpp */ = {isa = PBXFileReference; fileEncoding = 4; lastKnownFileType = sourcecode.cpp.cpp; path = segmentation.cpp; sourceTree = "<group>"; };
		40AA6B201BE78DB30054EA50 /* benchmark-superpixels.cpp */ = {isa = PBXFileReference; fileEncoding = 4; lastKnownFileType = sourcecode.cpp.cpp; path = "benchmark-superpixels.cpp"; sourceTree = "<group>"; };
		40AA6B221BE78DB30054EA50 /* segmentation.h */ = {isa = PBXFileReference; fileEncoding = 4; lastKnownFileType = sourcecode.c.h; path = segmentation.h; sourceTree = "<group>"; };
		40AA6B261BE78F910054EA50 /* benchmark-superpixels */ = {isa = PBXFileReference; explicitFileType = "compiled.mach-o.executable"; includeInIndex = 0; name = "benchmark-superpixels"; path = "/me/w/proj/slic/SLIC-Superpixels/Superpixel-Benchmarking/build/Release/benchmark-superpixels"; sourceTree = "<absolute>"; };
		40C030921C0B96A700F79724 /* run-seeds.cpp */ = {isa = PBXFileReference; fileEncoding = 4; lastKnownFileType = sourcecode.cpp.cpp; path = "run-seeds.cpp"; sourceTree = "<group>"; };
		40C030951C0B972E00F79724 /* run-donald-slic.cpp */ = {isa = PBXFileReference; fileEncoding = 4; lastKnownFileType = sourcecode.cpp.cpp; path = "run-donald-slic.cpp"; sourceTree = "<group>"; };
		40E8082B1C0479EE008786F1 /* donald-slic.h */ = {isa = PBXFileReference; fileEncoding = 4; lastKnownFileType = sourcecode.c.h; path = "donald-slic.h"; sourceTree = "<group>"; };
/* End PBXFileReference section */

/* Begin PBXFrameworksBuildPhase section */
		4040DDFD1BEE713B00740B44 /* Frameworks */ = {
			isa = PBXFrameworksBuildPhase;
			buildActionMask = 2147483647;
			files = (
			);
			runOnlyForDeploymentPostprocessing = 0;
		};
		4040DE091BF8D65F00740B44 /* Frameworks */ = {
			isa = PBXFrameworksBuildPhase;
			buildActionMask = 2147483647;
			files = (
			);
			runOnlyForDeploymentPostprocessing = 0;
		};
		40AA6B101BE78D070054EA50 /* Frameworks */ = {
			isa = PBXFrameworksBuildPhase;
			buildActionMask = 2147483647;
			files = (
			);
			runOnlyForDeploymentPostprocessing = 0;
		};
/* End PBXFrameworksBuildPhase section */

/* Begin PBXGroup section */
		40AA6B031BE78BC80054EA50 = {
			isa = PBXGroup;
			children = (
				402DDC561C07F56100D852A1 /* seeds.h */,
				40C030921C0B96A700F79724 /* run-seeds.cpp */,
				40E8082B1C0479EE008786F1 /* donald-slic.h */,
				4040DE0F1BF8D69F00740B44 /* seeds.cpp */,
				40AA6B1F1BE78DB30054EA50 /* segmentation.cpp */,
				40AA6B201BE78DB30054EA50 /* benchmark-superpixels.cpp */,
				40AA6B221BE78DB30054EA50 /* segmentation.h */,
				4040DDE81BEDAC9000740B44 /* donald-slic.cpp */,
				40C030951C0B972E00F79724 /* run-donald-slic.cpp */,
			);
			sourceTree = "<group>";
		};
/* End PBXGroup section */

/* Begin PBXNativeTarget section */
		4040DDF71BEE713B00740B44 /* donald-slic */ = {
			isa = PBXNativeTarget;
			buildConfigurationList = 4040DDFF1BEE713B00740B44 /* Build configuration list for PBXNativeTarget "donald-slic" */;
			buildPhases = (
				4040DDF81BEE713B00740B44 /* Sources */,
				4040DDFD1BEE713B00740B44 /* Frameworks */,
				4040DDFE1BEE713B00740B44 /* CopyFiles */,
			);
			buildRules = (
			);
			dependencies = (
			);
			name = "donald-slic";
			productName = main;
			productReference = 4040DE021BEE713B00740B44 /* donald-slic */;
			productType = "com.apple.product-type.tool";
		};
		4040DE051BF8D65E00740B44 /* run-seeds */ = {
			isa = PBXNativeTarget;
			buildConfigurationList = 4040DE0B1BF8D65F00740B44 /* Build configuration list for PBXNativeTarget "run-seeds" */;
			buildPhases = (
				4040DE061BF8D65E00740B44 /* Sources */,
				4040DE091BF8D65F00740B44 /* Frameworks */,
				4040DE0A1BF8D65F00740B44 /* CopyFiles */,
			);
			buildRules = (
			);
			dependencies = (
			);
			name = "run-seeds";
			productName = main;
			productReference = 4040DE0E1BF8D65F00740B44 /* run-seeds */;
			productType = "com.apple.product-type.tool";
		};
		40AA6B121BE78D070054EA50 /* benchmark-superpixels */ = {
			isa = PBXNativeTarget;
			buildConfigurationList = 40AA6B181BE78D070054EA50 /* Build configuration list for PBXNativeTarget "benchmark-superpixels" */;
			buildPhases = (
				40AA6B0F1BE78D070054EA50 /* Sources */,
				40AA6B101BE78D070054EA50 /* Frameworks */,
				40AA6B111BE78D070054EA50 /* CopyFiles */,
			);
			buildRules = (
			);
			dependencies = (
			);
			name = "benchmark-superpixels";
			productName = main;
			productReference = 40AA6B261BE78F910054EA50 /* benchmark-superpixels */;
			productType = "com.apple.product-type.tool";
		};
/* End PBXNativeTarget section */

/* Begin PBXProject section */
		40AA6B041BE78BC80054EA50 /* Project object */ = {
			isa = PBXProject;
			attributes = {
				LastUpgradeCheck = 0710;
				TargetAttributes = {
					40AA6B121BE78D070054EA50 = {
						CreatedOnToolsVersion = 7.1;
					};
				};
			};
			buildConfigurationList = 40AA6B071BE78BC80054EA50 /* Build configuration list for PBXProject "superpixel-benchmarks" */;
			compatibilityVersion = "Xcode 6.3";
			developmentRegion = English;
			hasScannedForEncodings = 0;
			knownRegions = (
				en,
			);
			mainGroup = 40AA6B031BE78BC80054EA50;
			productRefGroup = 40AA6B031BE78BC80054EA50;
			projectDirPath = "";
			projectRoot = "";
			targets = (
				40AA6B121BE78D070054EA50 /* benchmark-superpixels */,
				4040DDF71BEE713B00740B44 /* donald-slic */,
				4040DE051BF8D65E00740B44 /* run-seeds */,
			);
		};
/* End PBXProject section */

/* Begin PBXSourcesBuildPhase section */
		4040DDF81BEE713B00740B44 /* Sources */ = {
			isa = PBXSourcesBuildPhase;
			buildActionMask = 2147483647;
			files = (
				40C030961C0B972E00F79724 /* run-donald-slic.cpp in Sources */,
				4040DE041BF08E0600740B44 /* donald-slic.cpp in Sources */,
				40E808291C01D80B008786F1 /* segmentation.cpp in Sources */,
			);
			runOnlyForDeploymentPostprocessing = 0;
		};
		4040DE061BF8D65E00740B44 /* Sources */ = {
			isa = PBXSourcesBuildPhase;
			buildActionMask = 2147483647;
			files = (
				4040DE101BF8D69F00740B44 /* seeds.cpp in Sources */,
				40E8082A1C045135008786F1 /* segmentation.cpp in Sources */,
				40C030941C0B96A700F79724 /* run-seeds.cpp in Sources */,
			);
			runOnlyForDeploymentPostprocessing = 0;
		};
		40AA6B0F1BE78D070054EA50 /* Sources */ = {
			isa = PBXSourcesBuildPhase;
			buildActionMask = 2147483647;
			files = (
				402DDC571C07FA1200D852A1 /* seeds.cpp in Sources */,
				40AA6B241BE78DB30054EA50 /* segmentation.cpp in Sources */,
				40AA6B251BE78DB30054EA50 /* benchmark-superpixels.cpp in Sources */,
				40E8082C1C047AD6008786F1 /* donald-slic.cpp in Sources */,
			);
			runOnlyForDeploymentPostprocessing = 0;
		};
/* End PBXSourcesBuildPhase section */

/* Begin XCBuildConfiguration section */
		4040DE001BEE713B00740B44 /* Debug */ = {
			isa = XCBuildConfiguration;
			buildSettings = {
				ALWAYS_SEARCH_USER_PATHS = YES;
				CLANG_CXX_LANGUAGE_STANDARD = "gnu++0x";
				CLANG_CXX_LIBRARY = "libc++";
				CLANG_ENABLE_MODULES = YES;
				CLANG_ENABLE_OBJC_ARC = YES;
				CLANG_WARN_BOOL_CONVERSION = YES;
				CLANG_WARN_CONSTANT_CONVERSION = YES;
				CLANG_WARN_DIRECT_OBJC_ISA_USAGE = YES_ERROR;
				CLANG_WARN_EMPTY_BODY = YES;
				CLANG_WARN_ENUM_CONVERSION = YES;
				CLANG_WARN_INT_CONVERSION = YES;
				CLANG_WARN_OBJC_ROOT_CLASS = YES_ERROR;
				CLANG_WARN_UNREACHABLE_CODE = YES;
				CLANG_WARN__DUPLICATE_METHOD_MATCH = YES;
				CODE_SIGN_IDENTITY = "-";
				COPY_PHASE_STRIP = NO;
				DEBUG_INFORMATION_FORMAT = dwarf;
				ENABLE_STRICT_OBJC_MSGSEND = YES;
				ENABLE_TESTABILITY = YES;
				GCC_C_LANGUAGE_STANDARD = gnu99;
				GCC_DYNAMIC_NO_PIC = NO;
				GCC_NO_COMMON_BLOCKS = YES;
				GCC_OPTIMIZATION_LEVEL = 0;
				GCC_PREPROCESSOR_DEFINITIONS = (
					"DEBUG=1",
					"$(inherited)",
				);
				GCC_WARN_64_TO_32_BIT_CONVERSION = YES;
				GCC_WARN_ABOUT_RETURN_TYPE = YES_ERROR;
				GCC_WARN_UNDECLARED_SELECTOR = YES;
				GCC_WARN_UNINITIALIZED_AUTOS = YES_AGGRESSIVE;
				GCC_WARN_UNUSED_FUNCTION = YES;
				GCC_WARN_UNUSED_VARIABLE = YES;
				HEADER_SEARCH_PATHS = /usr/local/include;
				LIBRARY_SEARCH_PATHS = /usr/local/lib;
				MACOSX_DEPLOYMENT_TARGET = 10.11;
				MTL_ENABLE_DEBUG_INFO = YES;
				ONLY_ACTIVE_ARCH = YES;
				OTHER_LDFLAGS = (
					"-lopencv_calib3d",
					"-lopencv_core",
					"-lopencv_features2d",
					"-lopencv_flann",
					"-lopencv_highgui",
					"-lopencv_imgcodecs",
					"-lopencv_imgproc",
					"-lopencv_ml",
					"-lopencv_objdetect",
					"-lopencv_photo",
					"-lopencv_shape",
					"-lopencv_stitching",
					"-lopencv_superres",
					"-lopencv_ts",
					"-lopencv_video",
					"-lopencv_videoio",
					"-lopencv_videostab",
				);
				PRODUCT_NAME = "$(TARGET_NAME)";
				SDKROOT = macosx;
			};
			name = Debug;
		};
		4040DE011BEE713B00740B44 /* Release */ = {
			isa = XCBuildConfiguration;
			buildSettings = {
				ALWAYS_SEARCH_USER_PATHS = YES;
				CLANG_CXX_LANGUAGE_STANDARD = "gnu++0x";
				CLANG_CXX_LIBRARY = "libc++";
				CLANG_ENABLE_MODULES = YES;
				CLANG_ENABLE_OBJC_ARC = YES;
				CLANG_WARN_BOOL_CONVERSION = YES;
				CLANG_WARN_CONSTANT_CONVERSION = YES;
				CLANG_WARN_DIRECT_OBJC_ISA_USAGE = YES_ERROR;
				CLANG_WARN_EMPTY_BODY = YES;
				CLANG_WARN_ENUM_CONVERSION = YES;
				CLANG_WARN_INT_CONVERSION = YES;
				CLANG_WARN_OBJC_ROOT_CLASS = YES_ERROR;
				CLANG_WARN_UNREACHABLE_CODE = YES;
				CLANG_WARN__DUPLICATE_METHOD_MATCH = YES;
				CODE_SIGN_IDENTITY = "-";
				COPY_PHASE_STRIP = NO;
				DEBUG_INFORMATION_FORMAT = "dwarf-with-dsym";
				ENABLE_NS_ASSERTIONS = NO;
				ENABLE_STRICT_OBJC_MSGSEND = YES;
				GCC_C_LANGUAGE_STANDARD = gnu99;
				GCC_NO_COMMON_BLOCKS = YES;
				GCC_WARN_64_TO_32_BIT_CONVERSION = YES;
				GCC_WARN_ABOUT_RETURN_TYPE = YES_ERROR;
				GCC_WARN_UNDECLARED_SELECTOR = YES;
				GCC_WARN_UNINITIALIZED_AUTOS = YES_AGGRESSIVE;
				GCC_WARN_UNUSED_FUNCTION = YES;
				GCC_WARN_UNUSED_VARIABLE = YES;
				HEADER_SEARCH_PATHS = /usr/local/include;
				LIBRARY_SEARCH_PATHS = /usr/local/lib;
				MACOSX_DEPLOYMENT_TARGET = 10.11;
				MTL_ENABLE_DEBUG_INFO = NO;
				OTHER_LDFLAGS = (
					"-lopencv_calib3d",
					"-lopencv_core",
					"-lopencv_features2d",
					"-lopencv_flann",
					"-lopencv_highgui",
					"-lopencv_imgcodecs",
					"-lopencv_imgproc",
					"-lopencv_ml",
					"-lopencv_objdetect",
					"-lopencv_photo",
					"-lopencv_shape",
					"-lopencv_stitching",
					"-lopencv_superres",
					"-lopencv_ts",
					"-lopencv_video",
					"-lopencv_videoio",
					"-lopencv_videostab",
				);
				PRODUCT_NAME = "$(TARGET_NAME)";
				SDKROOT = macosx;
			};
			name = Release;
		};
		4040DE0C1BF8D65F00740B44 /* Debug */ = {
			isa = XCBuildConfiguration;
			buildSettings = {
				ALWAYS_SEARCH_USER_PATHS = YES;
				CLANG_CXX_LANGUAGE_STANDARD = "gnu++0x";
				CLANG_CXX_LIBRARY = "libc++";
				CLANG_ENABLE_MODULES = YES;
				CLANG_ENABLE_OBJC_ARC = YES;
				CLANG_WARN_BOOL_CONVERSION = YES;
				CLANG_WARN_CONSTANT_CONVERSION = YES;
				CLANG_WARN_DIRECT_OBJC_ISA_USAGE = YES_ERROR;
				CLANG_WARN_EMPTY_BODY = YES;
				CLANG_WARN_ENUM_CONVERSION = YES;
				CLANG_WARN_INT_CONVERSION = YES;
				CLANG_WARN_OBJC_ROOT_CLASS = YES_ERROR;
				CLANG_WARN_UNREACHABLE_CODE = YES;
				CLANG_WARN__DUPLICATE_METHOD_MATCH = YES;
				CODE_SIGN_IDENTITY = "-";
				COPY_PHASE_STRIP = NO;
				DEBUG_INFORMATION_FORMAT = dwarf;
				ENABLE_STRICT_OBJC_MSGSEND = YES;
				ENABLE_TESTABILITY = YES;
				GCC_C_LANGUAGE_STANDARD = gnu99;
				GCC_DYNAMIC_NO_PIC = NO;
				GCC_NO_COMMON_BLOCKS = YES;
				GCC_OPTIMIZATION_LEVEL = 0;
				GCC_PREPROCESSOR_DEFINITIONS = (
					"DEBUG=1",
					"$(inherited)",
				);
				GCC_WARN_64_TO_32_BIT_CONVERSION = YES;
				GCC_WARN_ABOUT_RETURN_TYPE = YES_ERROR;
				GCC_WARN_UNDECLARED_SELECTOR = YES;
				GCC_WARN_UNINITIALIZED_AUTOS = YES_AGGRESSIVE;
				GCC_WARN_UNUSED_FUNCTION = YES;
				GCC_WARN_UNUSED_VARIABLE = YES;
				HEADER_SEARCH_PATHS = /usr/local/include;
				LIBRARY_SEARCH_PATHS = /usr/local/lib;
				MACOSX_DEPLOYMENT_TARGET = 10.11;
				MTL_ENABLE_DEBUG_INFO = YES;
				ONLY_ACTIVE_ARCH = YES;
				OTHER_LDFLAGS = (
					"-lopencv_calib3d",
					"-lopencv_core",
					"-lopencv_features2d",
					"-lopencv_flann",
					"-lopencv_highgui",
					"-lopencv_imgcodecs",
					"-lopencv_imgproc",
					"-lopencv_ml",
					"-lopencv_objdetect",
					"-lopencv_photo",
					"-lopencv_shape",
					"-lopencv_stitching",
					"-lopencv_superres",
					"-lopencv_ts",
					"-lopencv_video",
					"-lopencv_videoio",
					"-lopencv_videostab",
					"-lopencv_ximgproc",
				);
				PRODUCT_NAME = "$(TARGET_NAME)";
				SDKROOT = macosx;
			};
			name = Debug;
		};
		4040DE0D1BF8D65F00740B44 /* Release */ = {
			isa = XCBuildConfiguration;
			buildSettings = {
				ALWAYS_SEARCH_USER_PATHS = YES;
				CLANG_CXX_LANGUAGE_STANDARD = "gnu++0x";
				CLANG_CXX_LIBRARY = "libc++";
				CLANG_ENABLE_MODULES = YES;
				CLANG_ENABLE_OBJC_ARC = YES;
				CLANG_WARN_BOOL_CONVERSION = YES;
				CLANG_WARN_CONSTANT_CONVERSION = YES;
				CLANG_WARN_DIRECT_OBJC_ISA_USAGE = YES_ERROR;
				CLANG_WARN_EMPTY_BODY = YES;
				CLANG_WARN_ENUM_CONVERSION = YES;
				CLANG_WARN_INT_CONVERSION = YES;
				CLANG_WARN_OBJC_ROOT_CLASS = YES_ERROR;
				CLANG_WARN_UNREACHABLE_CODE = YES;
				CLANG_WARN__DUPLICATE_METHOD_MATCH = YES;
				CODE_SIGN_IDENTITY = "-";
				COPY_PHASE_STRIP = NO;
				DEBUG_INFORMATION_FORMAT = "dwarf-with-dsym";
				ENABLE_NS_ASSERTIONS = NO;
				ENABLE_STRICT_OBJC_MSGSEND = YES;
				GCC_C_LANGUAGE_STANDARD = gnu99;
				GCC_NO_COMMON_BLOCKS = YES;
				GCC_WARN_64_TO_32_BIT_CONVERSION = YES;
				GCC_WARN_ABOUT_RETURN_TYPE = YES_ERROR;
				GCC_WARN_UNDECLARED_SELECTOR = YES;
				GCC_WARN_UNINITIALIZED_AUTOS = YES_AGGRESSIVE;
				GCC_WARN_UNUSED_FUNCTION = YES;
				GCC_WARN_UNUSED_VARIABLE = YES;
				HEADER_SEARCH_PATHS = /usr/local/include;
				LIBRARY_SEARCH_PATHS = /usr/local/lib;
				MACOSX_DEPLOYMENT_TARGET = 10.11;
				MTL_ENABLE_DEBUG_INFO = NO;
				OTHER_LDFLAGS = (
					"-lopencv_calib3d",
					"-lopencv_core",
					"-lopencv_features2d",
					"-lopencv_flann",
					"-lopencv_highgui",
					"-lopencv_imgcodecs",
					"-lopencv_imgproc",
					"-lopencv_ml",
					"-lopencv_objdetect",
					"-lopencv_photo",
					"-lopencv_shape",
					"-lopencv_stitching",
					"-lopencv_superres",
					"-lopencv_ts",
					"-lopencv_video",
					"-lopencv_videoio",
					"-lopencv_videostab",
					"-lopencv_ximgproc",
				);
				PRODUCT_NAME = "$(TARGET_NAME)";
				SDKROOT = macosx;
			};
			name = Release;
		};
		40AA6B081BE78BC80054EA50 /* Debug */ = {
			isa = XCBuildConfiguration;
			buildSettings = {
			};
			name = Debug;
		};
		40AA6B091BE78BC80054EA50 /* Release */ = {
			isa = XCBuildConfiguration;
			buildSettings = {
			};
			name = Release;
		};
		40AA6B191BE78D070054EA50 /* Debug */ = {
			isa = XCBuildConfiguration;
			buildSettings = {
				ALWAYS_SEARCH_USER_PATHS = YES;
				CLANG_CXX_LANGUAGE_STANDARD = "gnu++0x";
				CLANG_CXX_LIBRARY = "libc++";
				CLANG_ENABLE_MODULES = YES;
				CLANG_ENABLE_OBJC_ARC = YES;
				CLANG_WARN_BOOL_CONVERSION = YES;
				CLANG_WARN_CONSTANT_CONVERSION = YES;
				CLANG_WARN_DIRECT_OBJC_ISA_USAGE = YES_ERROR;
				CLANG_WARN_EMPTY_BODY = YES;
				CLANG_WARN_ENUM_CONVERSION = YES;
				CLANG_WARN_INT_CONVERSION = YES;
				CLANG_WARN_OBJC_ROOT_CLASS = YES_ERROR;
				CLANG_WARN_UNREACHABLE_CODE = YES;
				CLANG_WARN__DUPLICATE_METHOD_MATCH = YES;
				CODE_SIGN_IDENTITY = "-";
				COPY_PHASE_STRIP = NO;
				DEBUG_INFORMATION_FORMAT = dwarf;
				ENABLE_STRICT_OBJC_MSGSEND = YES;
				ENABLE_TESTABILITY = YES;
				GCC_C_LANGUAGE_STANDARD = gnu99;
				GCC_DYNAMIC_NO_PIC = NO;
				GCC_NO_COMMON_BLOCKS = YES;
				GCC_OPTIMIZATION_LEVEL = 0;
				GCC_PREPROCESSOR_DEFINITIONS = (
					"DEBUG=1",
					"$(inherited)",
				);
				GCC_WARN_64_TO_32_BIT_CONVERSION = YES;
				GCC_WARN_ABOUT_RETURN_TYPE = YES_ERROR;
				GCC_WARN_UNDECLARED_SELECTOR = YES;
				GCC_WARN_UNINITIALIZED_AUTOS = YES_AGGRESSIVE;
				GCC_WARN_UNUSED_FUNCTION = YES;
				GCC_WARN_UNUSED_VARIABLE = YES;
				HEADER_SEARCH_PATHS = /usr/local/include;
				LIBRARY_SEARCH_PATHS = /usr/local/lib;
				MACOSX_DEPLOYMENT_TARGET = 10.11;
				MTL_ENABLE_DEBUG_INFO = YES;
				ONLY_ACTIVE_ARCH = YES;
				OTHER_LDFLAGS = (
					"-lopencv_calib3d",
					"-lopencv_core",
					"-lopencv_features2d",
					"-lopencv_flann",
					"-lopencv_highgui",
					"-lopencv_imgcodecs",
					"-lopencv_imgproc",
					"-lopencv_ml",
					"-lopencv_objdetect",
					"-lopencv_photo",
					"-lopencv_shape",
					"-lopencv_stitching",
					"-lopencv_superres",
					"-lopencv_ts",
					"-lopencv_video",
					"-lopencv_videoio",
					"-lopencv_videostab",
					"-lboost_program_options",
					"-lboost_filesystem",
					"-lopencv_ximgproc",
					"-lboost_system",
				);
				PRODUCT_NAME = "$(TARGET_NAME)";
				SDKROOT = macosx;
			};
			name = Debug;
		};
		40AA6B1A1BE78D070054EA50 /* Release */ = {
			isa = XCBuildConfiguration;
			buildSettings = {
				ALWAYS_SEARCH_USER_PATHS = YES;
				CLANG_CXX_LANGUAGE_STANDARD = "gnu++0x";
				CLANG_CXX_LIBRARY = "libc++";
				CLANG_ENABLE_MODULES = YES;
				CLANG_ENABLE_OBJC_ARC = YES;
				CLANG_WARN_BOOL_CONVERSION = YES;
				CLANG_WARN_CONSTANT_CONVERSION = YES;
				CLANG_WARN_DIRECT_OBJC_ISA_USAGE = YES_ERROR;
				CLANG_WARN_EMPTY_BODY = YES;
				CLANG_WARN_ENUM_CONVERSION = YES;
				CLANG_WARN_INT_CONVERSION = YES;
				CLANG_WARN_OBJC_ROOT_CLASS = YES_ERROR;
				CLANG_WARN_UNREACHABLE_CODE = YES;
				CLANG_WARN__DUPLICATE_METHOD_MATCH = YES;
				CODE_SIGN_IDENTITY = "-";
				COPY_PHASE_STRIP = NO;
				DEBUG_INFORMATION_FORMAT = "dwarf-with-dsym";
				ENABLE_NS_ASSERTIONS = NO;
				ENABLE_STRICT_OBJC_MSGSEND = YES;
				GCC_C_LANGUAGE_STANDARD = gnu99;
				GCC_NO_COMMON_BLOCKS = YES;
				GCC_WARN_64_TO_32_BIT_CONVERSION = YES;
				GCC_WARN_ABOUT_RETURN_TYPE = YES_ERROR;
				GCC_WARN_UNDECLARED_SELECTOR = YES;
				GCC_WARN_UNINITIALIZED_AUTOS = YES_AGGRESSIVE;
				GCC_WARN_UNUSED_FUNCTION = YES;
				GCC_WARN_UNUSED_VARIABLE = YES;
				HEADER_SEARCH_PATHS = /usr/local/include;
				LIBRARY_SEARCH_PATHS = /usr/local/lib;
				MACOSX_DEPLOYMENT_TARGET = 10.11;
				MTL_ENABLE_DEBUG_INFO = NO;
				OTHER_LDFLAGS = (
					"-lopencv_calib3d",
					"-lopencv_core",
					"-lopencv_features2d",
					"-lopencv_flann",
					"-lopencv_highgui",
					"-lopencv_imgcodecs",
					"-lopencv_imgproc",
					"-lopencv_ml",
					"-lopencv_objdetect",
					"-lopencv_photo",
					"-lopencv_shape",
					"-lopencv_stitching",
					"-lopencv_superres",
					"-lopencv_ts",
					"-lopencv_video",
					"-lopencv_videoio",
					"-lopencv_videostab",
					"-lboost_program_options",
					"-lboost_filesystem",
					"-lopencv_ximgproc",
					"-lboost_system",
				);
				PRODUCT_NAME = "$(TARGET_NAME)";
				SDKROOT = macosx;
			};
			name = Release;
		};
/* End XCBuildConfiguration section */

/* Begin XCConfigurationList section */
		4040DDFF1BEE713B00740B44 /* Build configuration list for PBXNativeTarget "donald-slic" */ = {
			isa = XCConfigurationList;
			buildConfigurations = (
				4040DE001BEE713B00740B44 /* Debug */,
				4040DE011BEE713B00740B44 /* Release */,
			);
			defaultConfigurationIsVisible = 0;
			defaultConfigurationName = Debug;
		};
		4040DE0B1BF8D65F00740B44 /* Build configuration list for PBXNativeTarget "run-seeds" */ = {
			isa = XCConfigurationList;
			buildConfigurations = (
				4040DE0C1BF8D65F00740B44 /* Debug */,
				4040DE0D1BF8D65F00740B44 /* Release */,
			);
			defaultConfigurationIsVisible = 0;
			defaultConfigurationName = Debug;
		};
		40AA6B071BE78BC80054EA50 /* Build configuration list for PBXProject "superpixel-benchmarks" */ = {
			isa = XCConfigurationList;
			buildConfigurations = (
				40AA6B081BE78BC80054EA50 /* Debug */,
				40AA6B091BE78BC80054EA50 /* Release */,
			);
			defaultConfigurationIsVisible = 0;
			defaultConfigurationName = Debug;
		};
		40AA6B181BE78D070054EA50 /* Build configuration list for PBXNativeTarget "benchmark-superpixels" */ = {
			isa = XCConfigurationList;
			buildConfigurations = (
				40AA6B191BE78D070054EA50 /* Debug */,
				40AA6B1A1BE78D070054EA50 /* Release */,
			);
			defaultConfigurationIsVisible = 0;
			defaultConfigurationName = Debug;
		};
/* End XCConfigurationList section */
	};
	rootObject = 40AA6B041BE78BC80054EA50 /* Project object */;
}
